{
  "lockfileVersion": 1,
  "workspaces": {
    "": {
      "name": "openproject-github-helper",
      "devDependencies": {
        "@types/node": "^20.11.17",
        "bun-types": "^1.0.6",
      },
    },
  },
  "packages": {
    "@types/node": ["@types/node@20.19.1", "", { "dependencies": { "undici-types": "~6.21.0" } }, "sha512-jJD50LtlD2dodAEO653i3YF04NWak6jN3ky+Ri3Em3mGR39/glWiboM/IePaRbgwSfqM1TpGXfAg8ohn/4dTgA=="],

    "bun-types": ["bun-types@1.2.17", "", { "dependencies": { "@types/node": "*" } }, "sha512-ElC7ItwT3SCQwYZDYoAH+q6KT4Fxjl8DtZ6qDulUFBmXA8YB4xo+l54J9ZJN+k2pphfn9vk7kfubeSd5QfTVJQ=="],

    "undici-types": ["undici-types@6.21.0", "", {}, "sha512-iwDZqg0QAGrg9Rav5H4n0M64c3mkR59cJ6wQp+7C4nI0gsmExaedaYLNO44eT4AtBBwjbTiGPMlt2Md0T9H9JQ=="],
  }
}
